
Microsoft Visual Studio Solution File, Format Version 12.00
# Visual Studio Version 16
VisualStudioVersion = 16.0.31911.196
MinimumVisualStudioVersion = 10.0.40219.1
Project("{FAE04EC0-301F-11D3-BF4B-00C04F79EFBC}") = "moment-2-MVC", "moment-2-MVC\moment-2-MVC.csproj", "{1EE8D3FA-9C54-4569-9580-34BB5A1160FF}"
EndProject
Global
	GlobalSection(SolutionConfigurationPlatforms) = preSolution
		Debug|Any CPU = Debug|Any CPU
		Release|Any CPU = Release|Any CPU
	EndGlobalSection
	GlobalSection(ProjectConfigurationPlatforms) = postSolution
		{1EE8D3FA-9C54-4569-9580-34BB5A1160FF}.Debug|Any CPU.ActiveCfg = Debug|Any CPU
		{1EE8D3FA-9C54-4569-9580-34BB5A1160FF}.Debug|Any CPU.Build.0 = Debug|Any CPU
		{1EE8D3FA-9C54-4569-9580-34BB5A1160FF}.Release|Any CPU.ActiveCfg = Release|Any CPU
		{1EE8D3FA-9C54-4569-9580-34BB5A1160FF}.Release|Any CPU.Build.0 = Release|Any CPU
	EndGlobalSection
	GlobalSection(SolutionProperties) = preSolution
		HideSolutionNode = FALSE
	EndGlobalSection
	GlobalSection(ExtensibilityGlobals) = postSolution
		SolutionGuid = {7D126DD5-323D-4176-BA1E-0F8594215FA8}
	EndGlobalSection
EndGlobal
